<Solution>
  <Folder Name="/src/">
    <Project Path="src/Ago.Chat.Api/Ago.Chat.Api.csproj" />
    <Project Path="src/Ago.Chat.Application/Ago.Chat.Application.csproj" />
    <Project Path="src/Ago.Chat.Contracts/Ago.Chat.Contracts.csproj" />
    <Project Path="src/Ago.Chat.Domain/Ago.Chat.Domain.csproj" />
    <Project Path="src/Ago.Chat.Infrastructure.Postgres/Ago.Chat.Infrastructure.Postgres.csproj" />
    <Project Path="src/Ago.Chat.Module/Ago.Chat.Module.csproj" />
    <Project Path="src/Ago.Chat.Webhooks/Ago.Chat.Webhooks.csproj" />
    <Project Path="src/Ago.Chat.Worker/Ago.Chat.Worker.csproj" />
  </Folder>
  <Folder Name="/tests/">
    <Project Path="tests/Ago.Chat.Application.Tests/Ago.Chat.Application.Tests.csproj" />
    <Project Path="tests/Ago.Chat.Architecture.Tests/Ago.Chat.Architecture.Tests.csproj" />
    <Project Path="tests/Ago.Chat.Concurrency.Tests/Ago.Chat.Concurrency.Tests.csproj" />
    <Project Path="tests/Ago.Chat.Domain.Tests/Ago.Chat.Domain.Tests.csproj" />
    <Project Path="tests/Ago.Chat.Integration.Tests/Ago.Chat.Integration.Tests.csproj" />
  </Folder>
</Solution>
